
Microsoft Visual Studio Solution File, Format Version 12.00
# Visual Studio Version 16
VisualStudioVersion = 16.0.31624.102
MinimumVisualStudioVersion = 10.0.40219.1
Project("{FAE04EC0-301F-11D3-BF4B-00C04F79EFBC}") = "Generic_Implementation", "Generic_Implementation\Generic_Implementation.csproj", "{DA760B8B-67EA-4F4C-9919-413FF050A378}"
EndProject
Global
	GlobalSection(SolutionConfigurationPlatforms) = preSolution
		Debug|Any CPU = Debug|Any CPU
		Release|Any CPU = Release|Any CPU
	EndGlobalSection
	GlobalSection(ProjectConfigurationPlatforms) = postSolution
		{DA760B8B-67EA-4F4C-9919-413FF050A378}.Debug|Any CPU.ActiveCfg = Debug|Any CPU
		{DA760B8B-67EA-4F4C-9919-413FF050A378}.Debug|Any CPU.Build.0 = Debug|Any CPU
		{DA760B8B-67EA-4F4C-9919-413FF050A378}.Release|Any CPU.ActiveCfg = Release|Any CPU
		{DA760B8B-67EA-4F4C-9919-413FF050A378}.Release|Any CPU.Build.0 = Release|Any CPU
	EndGlobalSection
	GlobalSection(SolutionProperties) = preSolution
		HideSolutionNode = FALSE
	EndGlobalSection
	GlobalSection(ExtensibilityGlobals) = postSolution
		SolutionGuid = {72F135FB-A592-4213-9E74-23E54BFEA1C1}
	EndGlobalSection
EndGlobal
